// !$*UTF8*$!
{
	archiveVersion = 1;
	classes = {
	};
	objectVersion = 56;
	objects = {

/* Begin PBXBuildFile section */
		BDE5948C2BAA8C8F00D2836D /* SwUI_MemoAppApp.swift in Sources */ = {isa = PBXBuildFile; fileRef = BDE5948B2BAA8C8F00D2836D /* SwUI_MemoAppApp.swift */; };
		BDE594902BAA8C9000D2836D /* Assets.xcassets in Resources */ = {isa = PBXBuildFile; fileRef = BDE5948F2BAA8C9000D2836D /* Assets.xcassets */; };
		BDE594932BAA8C9000D2836D /* Preview Assets.xcassets in Resources */ = {isa = PBXBuildFile; fileRef = BDE594922BAA8C9000D2836D /* Preview Assets.xcassets */; };
		BDE594952BAA8C9000D2836D /* Persistence.swift in Sources */ = {isa = PBXBuildFile; fileRef = BDE594942BAA8C9000D2836D /* Persistence.swift */; };
		BDE594982BAA8C9000D2836D /* SwUI_MemoApp.xcdatamodeld in Sources */ = {isa = PBXBuildFile; fileRef = BDE594962BAA8C9000D2836D /* SwUI_MemoApp.xcdatamodeld */; };
		BDE5949F2BAA8E3200D2836D /* MainListView.swift in Sources */ = {isa = PBXBuildFile; fileRef = BDE5949E2BAA8E3200D2836D /* MainListView.swift */; };
		BDE594A32BAA8F2100D2836D /* Memo.swift in Sources */ = {isa = PBXBuildFile; fileRef = BDE594A22BAA8F2100D2836D /* Memo.swift */; };
		BDE594A52BAA900A00D2836D /* MemoStore.swift in Sources */ = {isa = PBXBuildFile; fileRef = BDE594A42BAA900A00D2836D /* MemoStore.swift */; };
/* End PBXBuildFile section */

/* Begin PBXFileReference section */
		BDE594882BAA8C8F00D2836D /* SwUI_MemoApp.app */ = {isa = PBXFileReference; explicitFileType = wrapper.application; includeInIndex = 0; path = SwUI_MemoApp.app; sourceTree = BUILT_PRODUCTS_DIR; };
		BDE5948B2BAA8C8F00D2836D /* SwUI_MemoAppApp.swift */ = {isa = PBXFileReference; lastKnownFileType = sourcecode.swift; path = SwUI_MemoAppApp.swift; sourceTree = "<group>"; };
		BDE5948F2BAA8C9000D2836D /* Assets.xcassets */ = {isa = PBXFileReference; lastKnownFileType = folder.assetcatalog; path = Assets.xcassets; sourceTree = "<group>"; };
		BDE594922BAA8C9000D2836D /* Preview Assets.xcassets */ = {isa = PBXFileReference; lastKnownFileType = folder.assetcatalog; path = "Preview Assets.xcassets"; sourceTree = "<group>"; };
		BDE594942BAA8C9000D2836D /* Persistence.swift */ = {isa = PBXFileReference; lastKnownFileType = sourcecode.swift; path = Persistence.swift; sourceTree = "<group>"; };
		BDE594972BAA8C9000D2836D /* SwUI_MemoApp.xcdatamodel */ = {isa = PBXFileReference; lastKnownFileType = wrapper.xcdatamodel; path = SwUI_MemoApp.xcdatamodel; sourceTree = "<group>"; };
		BDE5949E2BAA8E3200D2836D /* MainListView.swift */ = {isa = PBXFileReference; lastKnownFileType = sourcecode.swift; path = MainListView.swift; sourceTree = "<group>"; };
		BDE594A22BAA8F2100D2836D /* Memo.swift */ = {isa = PBXFileReference; lastKnownFileType = sourcecode.swift; path = Memo.swift; sourceTree = "<group>"; };
		BDE594A42BAA900A00D2836D /* MemoStore.swift */ = {isa = PBXFileReference; lastKnownFileType = sourcecode.swift; path = MemoStore.swift; sourceTree = "<group>"; };
/* End PBXFileReference section */

/* Begin PBXFrameworksBuildPhase section */
		BDE594852BAA8C8F00D2836D /* Frameworks */ = {
			isa = PBXFrameworksBuildPhase;
			buildActionMask = 2147483647;
			files = (
			);
			runOnlyForDeploymentPostprocessing = 0;
		};
/* End PBXFrameworksBuildPhase section */

/* Begin PBXGroup section */
		BDE5947F2BAA8C8F00D2836D = {
			isa = PBXGroup;
			children = (
				BDE5948A2BAA8C8F00D2836D /* SwUI_MemoApp */,
				BDE594892BAA8C8F00D2836D /* Products */,
			);
			sourceTree = "<group>";
		};
		BDE594892BAA8C8F00D2836D /* Products */ = {
			isa = PBXGroup;
			children = (
				BDE594882BAA8C8F00D2836D /* SwUI_MemoApp.app */,
			);
			name = Products;
			sourceTree = "<group>";
		};
		BDE5948A2BAA8C8F00D2836D /* SwUI_MemoApp */ = {
			isa = PBXGroup;
			children = (
				BDE594A12BAA8E5C00D2836D /* Memory */,
				BDE594A02BAA8E5200D2836D /* CoreData */,
				BDE5948B2BAA8C8F00D2836D /* SwUI_MemoAppApp.swift */,
				BDE5949E2BAA8E3200D2836D /* MainListView.swift */,
				BDE5948F2BAA8C9000D2836D /* Assets.xcassets */,
				BDE594912BAA8C9000D2836D /* Preview Content */,
			);
			path = SwUI_MemoApp;
			sourceTree = "<group>";
		};
		BDE594912BAA8C9000D2836D /* Preview Content */ = {
			isa = PBXGroup;
			children = (
				BDE594922BAA8C9000D2836D /* Preview Assets.xcassets */,
			);
			path = "Preview Content";
			sourceTree = "<group>";
		};
		BDE594A02BAA8E5200D2836D /* CoreData */ = {
			isa = PBXGroup;
			children = (
				BDE594962BAA8C9000D2836D /* SwUI_MemoApp.xcdatamodeld */,
				BDE594942BAA8C9000D2836D /* Persistence.swift */,
			);
			path = CoreData;
			sourceTree = "<group>";
		};
		BDE594A12BAA8E5C00D2836D /* Memory */ = {
			isa = PBXGroup;
			children = (
				BDE594A22BAA8F2100D2836D /* Memo.swift */,
				BDE594A42BAA900A00D2836D /* MemoStore.swift */,
			);
			path = Memory;
			sourceTree = "<group>";
		};
/* End PBXGroup section */

/* Begin PBXNativeTarget section */
		BDE594872BAA8C8F00D2836D /* SwUI_MemoApp */ = {
			isa = PBXNativeTarget;
			buildConfigurationList = BDE5949B2BAA8C9000D2836D /* Build configuration list for PBXNativeTarget "SwUI_MemoApp" */;
			buildPhases = (
				BDE594842BAA8C8F00D2836D /* Sources */,
				BDE594852BAA8C8F00D2836D /* Frameworks */,
				BDE594862BAA8C8F00D2836D /* Resources */,
			);
			buildRules = (
			);
			dependencies = (
			);
			name = SwUI_MemoApp;
			productName = SwUI_MemoApp;
			productReference = BDE594882BAA8C8F00D2836D /* SwUI_MemoApp.app */;
			productType = "com.apple.product-type.application";
		};
/* End PBXNativeTarget section */

/* Begin PBXProject section */
		BDE594802BAA8C8F00D2836D /* Project object */ = {
			isa = PBXProject;
			attributes = {
				BuildIndependentTargetsInParallel = 1;
				LastSwiftUpdateCheck = 1530;
				LastUpgradeCheck = 1530;
				TargetAttributes = {
					BDE594872BAA8C8F00D2836D = {
						CreatedOnToolsVersion = 15.3;
					};
				};
			};
			buildConfigurationList = BDE594832BAA8C8F00D2836D /* Build configuration list for PBXProject "SwUI_MemoApp" */;
			compatibilityVersion = "Xcode 14.0";
			developmentRegion = en;
			hasScannedForEncodings = 0;
			knownRegions = (
				en,
				Base,
			);
			mainGroup = BDE5947F2BAA8C8F00D2836D;
			productRefGroup = BDE594892BAA8C8F00D2836D /* Products */;
			projectDirPath = "";
			projectRoot = "";
			targets = (
				BDE594872BAA8C8F00D2836D /* SwUI_MemoApp */,
			);
		};
/* End PBXProject section */

/* Begin PBXResourcesBuildPhase section */
		BDE594862BAA8C8F00D2836D /* Resources */ = {
			isa = PBXResourcesBuildPhase;
			buildActionMask = 2147483647;
			files = (
				BDE594932BAA8C9000D2836D /* Preview Assets.xcassets in Resources */,
				BDE594902BAA8C9000D2836D /* Assets.xcassets in Resources */,
			);
			runOnlyForDeploymentPostprocessing = 0;
		};
/* End PBXResourcesBuildPhase section */

/* Begin PBXSourcesBuildPhase section */
		BDE594842BAA8C8F00D2836D /* Sources */ = {
			isa = PBXSourcesBuildPhase;
			buildActionMask = 2147483647;
			files = (
				BDE594952BAA8C9000D2836D /* Persistence.swift in Sources */,
				BDE594A52BAA900A00D2836D /* MemoStore.swift in Sources */,
				BDE5949F2BAA8E3200D2836D /* MainListView.swift in Sources */,
				BDE5948C2BAA8C8F00D2836D /* SwUI_MemoAppApp.swift in Sources */,
				BDE594982BAA8C9000D2836D /* SwUI_MemoApp.xcdatamodeld in Sources */,
				BDE594A32BAA8F2100D2836D /* Memo.swift in Sources */,
			);
			runOnlyForDeploymentPostprocessing = 0;
		};
/* End PBXSourcesBuildPhase section */

/* Begin XCBuildConfiguration section */
		BDE594992BAA8C9000D2836D /* Debug */ = {
			isa = XCBuildConfiguration;
			buildSettings = {
				ALWAYS_SEARCH_USER_PATHS = NO;
				ASSETCATALOG_COMPILER_GENERATE_SWIFT_ASSET_SYMBOL_EXTENSIONS = YES;
				CLANG_ANALYZER_NONNULL = YES;
				CLANG_ANALYZER_NUMBER_OBJECT_CONVERSION = YES_AGGRESSIVE;
				CLANG_CXX_LANGUAGE_STANDARD = "gnu++20";
				CLANG_ENABLE_MODULES = YES;
				CLANG_ENABLE_OBJC_ARC = YES;
				CLANG_ENABLE_OBJC_WEAK = YES;
				CLANG_WARN_BLOCK_CAPTURE_AUTORELEASING = YES;
				CLANG_WARN_BOOL_CONVERSION = YES;
				CLANG_WARN_COMMA = YES;
				CLANG_WARN_CONSTANT_CONVERSION = YES;
				CLANG_WARN_DEPRECATED_OBJC_IMPLEMENTATIONS = YES;
				CLANG_WARN_DIRECT_OBJC_ISA_USAGE = YES_ERROR;
				CLANG_WARN_DOCUMENTATION_COMMENTS = YES;
				CLANG_WARN_EMPTY_BODY = YES;
				CLANG_WARN_ENUM_CONVERSION = YES;
				CLANG_WARN_INFINITE_RECURSION = YES;
				CLANG_WARN_INT_CONVERSION = YES;
				CLANG_WARN_NON_LITERAL_NULL_CONVERSION = YES;
				CLANG_WARN_OBJC_IMPLICIT_RETAIN_SELF = YES;
				CLANG_WARN_OBJC_LITERAL_CONVERSION = YES;
				CLANG_WARN_OBJC_ROOT_CLASS = YES_ERROR;
				CLANG_WARN_QUOTED_INCLUDE_IN_FRAMEWORK_HEADER = YES;
				CLANG_WARN_RANGE_LOOP_ANALYSIS = YES;
				CLANG_WARN_STRICT_PROTOTYPES = YES;
				CLANG_WARN_SUSPICIOUS_MOVE = YES;
				CLANG_WARN_UNGUARDED_AVAILABILITY = YES_AGGRESSIVE;
				CLANG_WARN_UNREACHABLE_CODE = YES;
				CLANG_WARN__DUPLICATE_METHOD_MATCH = YES;
				COPY_PHASE_STRIP = NO;
				DEBUG_INFORMATION_FORMAT = dwarf;
				ENABLE_STRICT_OBJC_MSGSEND = YES;
				ENABLE_TESTABILITY = YES;
				ENABLE_USER_SCRIPT_SANDBOXING = YES;
				GCC_C_LANGUAGE_STANDARD = gnu17;
				GCC_DYNAMIC_NO_PIC = NO;
				GCC_NO_COMMON_BLOCKS = YES;
				GCC_OPTIMIZATION_LEVEL = 0;
				GCC_PREPROCESSOR_DEFINITIONS = (
					"DEBUG=1",
					"$(inherited)",
				);
				GCC_WARN_64_TO_32_BIT_CONVERSION = YES;
				GCC_WARN_ABOUT_RETURN_TYPE = YES_ERROR;
				GCC_WARN_UNDECLARED_SELECTOR = YES;
				GCC_WARN_UNINITIALIZED_AUTOS = YES_AGGRESSIVE;
				GCC_WARN_UNUSED_FUNCTION = YES;
				GCC_WARN_UNUSED_VARIABLE = YES;
				IPHONEOS_DEPLOYMENT_TARGET = 17.4;
				LOCALIZATION_PREFERS_STRING_CATALOGS = YES;
				MTL_ENABLE_DEBUG_INFO = INCLUDE_SOURCE;
				MTL_FAST_MATH = YES;
				ONLY_ACTIVE_ARCH = YES;
				SDKROOT = iphoneos;
				SWIFT_ACTIVE_COMPILATION_CONDITIONS = "DEBUG $(inherited)";
				SWIFT_OPTIMIZATION_LEVEL = "-Onone";
			};
			name = Debug;
		};
		BDE5949A2BAA8C9000D2836D /* Release */ = {
			isa = XCBuildConfiguration;
			buildSettings = {
				ALWAYS_SEARCH_USER_PATHS = NO;
				ASSETCATALOG_COMPILER_GENERATE_SWIFT_ASSET_SYMBOL_EXTENSIONS = YES;
				CLANG_ANALYZER_NONNULL = YES;
				CLANG_ANALYZER_NUMBER_OBJECT_CONVERSION = YES_AGGRESSIVE;
				CLANG_CXX_LANGUAGE_STANDARD = "gnu++20";
				CLANG_ENABLE_MODULES = YES;
				CLANG_ENABLE_OBJC_ARC = YES;
				CLANG_ENABLE_OBJC_WEAK = YES;
				CLANG_WARN_BLOCK_CAPTURE_AUTORELEASING = YES;
				CLANG_WARN_BOOL_CONVERSION = YES;
				CLANG_WARN_COMMA = YES;
				CLANG_WARN_CONSTANT_CONVERSION = YES;
				CLANG_WARN_DEPRECATED_OBJC_IMPLEMENTATIONS = YES;
				CLANG_WARN_DIRECT_OBJC_ISA_USAGE = YES_ERROR;
				CLANG_WARN_DOCUMENTATION_COMMENTS = YES;
				CLANG_WARN_EMPTY_BODY = YES;
				CLANG_WARN_ENUM_CONVERSION = YES;
				CLANG_WARN_INFINITE_RECURSION = YES;
				CLANG_WARN_INT_CONVERSION = YES;
				CLANG_WARN_NON_LITERAL_NULL_CONVERSION = YES;
				CLANG_WARN_OBJC_IMPLICIT_RETAIN_SELF = YES;
				CLANG_WARN_OBJC_LITERAL_CONVERSION = YES;
				CLANG_WARN_OBJC_ROOT_CLASS = YES_ERROR;
				CLANG_WARN_QUOTED_INCLUDE_IN_FRAMEWORK_HEADER = YES;
				CLANG_WARN_RANGE_LOOP_ANALYSIS = YES;
				CLANG_WARN_STRICT_PROTOTYPES = YES;
				CLANG_WARN_SUSPICIOUS_MOVE = YES;
				CLANG_WARN_UNGUARDED_AVAILABILITY = YES_AGGRESSIVE;
				CLANG_WARN_UNREACHABLE_CODE = YES;
				CLANG_WARN__DUPLICATE_METHOD_MATCH = YES;
				COPY_PHASE_STRIP = NO;
				DEBUG_INFORMATION_FORMAT = "dwarf-with-dsym";
				ENABLE_NS_ASSERTIONS = NO;
				ENABLE_STRICT_OBJC_MSGSEND = YES;
				ENABLE_USER_SCRIPT_SANDBOXING = YES;
				GCC_C_LANGUAGE_STANDARD = gnu17;
				GCC_NO_COMMON_BLOCKS = YES;
				GCC_WARN_64_TO_32_BIT_CONVERSION = YES;
				GCC_WARN_ABOUT_RETURN_TYPE = YES_ERROR;
				GCC_WARN_UNDECLARED_SELECTOR = YES;
				GCC_WARN_UNINITIALIZED_AUTOS = YES_AGGRESSIVE;
				GCC_WARN_UNUSED_FUNCTION = YES;
				GCC_WARN_UNUSED_VARIABLE = YES;
				IPHONEOS_DEPLOYMENT_TARGET = 17.4;
				LOCALIZATION_PREFERS_STRING_CATALOGS = YES;
				MTL_ENABLE_DEBUG_INFO = NO;
				MTL_FAST_MATH = YES;
				SDKROOT = iphoneos;
				SWIFT_COMPILATION_MODE = wholemodule;
				VALIDATE_PRODUCT = YES;
			};
			name = Release;
		};
		BDE5949C2BAA8C9000D2836D /* Debug */ = {
			isa = XCBuildConfiguration;
			buildSettings = {
				ASSETCATALOG_COMPILER_APPICON_NAME = AppIcon;
				ASSETCATALOG_COMPILER_GLOBAL_ACCENT_COLOR_NAME = AccentColor;
				CODE_SIGN_STYLE = Automatic;
				CURRENT_PROJECT_VERSION = 1;
				DEVELOPMENT_ASSET_PATHS = "\"SwUI_MemoApp/Preview Content\"";
				DEVELOPMENT_TEAM = 5V8898Z33P;
				ENABLE_PREVIEWS = YES;
				GENERATE_INFOPLIST_FILE = YES;
				INFOPLIST_KEY_UIApplicationSceneManifest_Generation = YES;
				INFOPLIST_KEY_UIApplicationSupportsIndirectInputEvents = YES;
				INFOPLIST_KEY_UILaunchScreen_Generation = YES;
				INFOPLIST_KEY_UISupportedInterfaceOrientations_iPad = "UIInterfaceOrientationPortrait UIInterfaceOrientationPortraitUpsideDown UIInterfaceOrientationLandscapeLeft UIInterfaceOrientationLandscapeRight";
				INFOPLIST_KEY_UISupportedInterfaceOrientations_iPhone = "UIInterfaceOrientationPortrait UIInterfaceOrientationLandscapeLeft UIInterfaceOrientationLandscapeRight";
				LD_RUNPATH_SEARCH_PATHS = (
					"$(inherited)",
					"@executable_path/Frameworks",
				);
				MARKETING_VERSION = 1.0;
				PRODUCT_BUNDLE_IDENTIFIER = "com.junhyuk.SwUI-MemoApp";
				PRODUCT_NAME = "$(TARGET_NAME)";
				SWIFT_EMIT_LOC_STRINGS = YES;
				SWIFT_VERSION = 5.0;
				TARGETED_DEVICE_FAMILY = "1,2";
			};
			name = Debug;
		};
		BDE5949D2BAA8C9000D2836D /* Release */ = {
			isa = XCBuildConfiguration;
			buildSettings = {
				ASSETCATALOG_COMPILER_APPICON_NAME = AppIcon;
				ASSETCATALOG_COMPILER_GLOBAL_ACCENT_COLOR_NAME = AccentColor;
				CODE_SIGN_STYLE = Automatic;
				CURRENT_PROJECT_VERSION = 1;
				DEVELOPMENT_ASSET_PATHS = "\"SwUI_MemoApp/Preview Content\"";
				DEVELOPMENT_TEAM = 5V8898Z33P;
				ENABLE_PREVIEWS = YES;
				GENERATE_INFOPLIST_FILE = YES;
				INFOPLIST_KEY_UIApplicationSceneManifest_Generation = YES;
				INFOPLIST_KEY_UIApplicationSupportsIndirectInputEvents = YES;
				INFOPLIST_KEY_UILaunchScreen_Generation = YES;
				INFOPLIST_KEY_UISupportedInterfaceOrientations_iPad = "UIInterfaceOrientationPortrait UIInterfaceOrientationPortraitUpsideDown UIInterfaceOrientationLandscapeLeft UIInterfaceOrientationLandscapeRight";
				INFOPLIST_KEY_UISupportedInterfaceOrientations_iPhone = "UIInterfaceOrientationPortrait UIInterfaceOrientationLandscapeLeft UIInterfaceOrientationLandscapeRight";
				LD_RUNPATH_SEARCH_PATHS = (
					"$(inherited)",
					"@executable_path/Frameworks",
				);
				MARKETING_VERSION = 1.0;
				PRODUCT_BUNDLE_IDENTIFIER = "com.junhyuk.SwUI-MemoApp";
				PRODUCT_NAME = "$(TARGET_NAME)";
				SWIFT_EMIT_LOC_STRINGS = YES;
				SWIFT_VERSION = 5.0;
				TARGETED_DEVICE_FAMILY = "1,2";
			};
			name = Release;
		};
/* End XCBuildConfiguration section */

/* Begin XCConfigurationList section */
		BDE594832BAA8C8F00D2836D /* Build configuration list for PBXProject "SwUI_MemoApp" */ = {
			isa = XCConfigurationList;
			buildConfigurations = (
				BDE594992BAA8C9000D2836D /* Debug */,
				BDE5949A2BAA8C9000D2836D /* Release */,
			);
			defaultConfigurationIsVisible = 0;
			defaultConfigurationName = Release;
		};
		BDE5949B2BAA8C9000D2836D /* Build configuration list for PBXNativeTarget "SwUI_MemoApp" */ = {
			isa = XCConfigurationList;
			buildConfigurations = (
				BDE5949C2BAA8C9000D2836D /* Debug */,
				BDE5949D2BAA8C9000D2836D /* Release */,
			);
			defaultConfigurationIsVisible = 0;
			defaultConfigurationName = Release;
		};
/* End XCConfigurationList section */

/* Begin XCVersionGroup section */
		BDE594962BAA8C9000D2836D /* SwUI_MemoApp.xcdatamodeld */ = {
			isa = XCVersionGroup;
			children = (
				BDE594972BAA8C9000D2836D /* SwUI_MemoApp.xcdatamodel */,
			);
			currentVersion = BDE594972BAA8C9000D2836D /* SwUI_MemoApp.xcdatamodel */;
			path = SwUI_MemoApp.xcdatamodeld;
			sourceTree = "<group>";
			versionGroupType = wrapper.xcdatamodel;
		};
/* End XCVersionGroup section */
	};
	rootObject = BDE594802BAA8C8F00D2836D /* Project object */;
}
